<?xml version="1.0" encoding="utf-8"?>
<Project ToolsVersion="4.0" xmlns="http://schemas.microsoft.com/developer/msbuild/2003">
  <ItemGroup>
    <Filter Include="ソース ファイル">
      <UniqueIdentifier>{4FC737F1-C7A5-4376-A066-2A32D752A2FF}</UniqueIdentifier>
      <Extensions>cpp;c;cc;cxx;c++;cppm;ixx;def;odl;idl;hpj;bat;asm;asmx</Extensions>
    </Filter>
    <Filter Include="ヘッダー ファイル">
      <UniqueIdentifier>{93995380-89BD-4b04-88EB-625FBE52EBFB}</UniqueIdentifier>
      <Extensions>h;hh;hpp;hxx;h++;hm;inl;inc;ipp;xsd</Extensions>
    </Filter>
    <Filter Include="リソース ファイル">
      <UniqueIdentifier>{67DA6AB6-F800-4c08-8B7A-83BB121AAD01}</UniqueIdentifier>
      <Extensions>rc;ico;cur;bmp;dlg;rc2;rct;bin;rgs;gif;jpg;jpeg;jpe;resx;tiff;tif;png;wav;mfcribbon-ms</Extensions>
    </Filter>
    <Filter Include="ヘッダー ファイル\Core">
      <UniqueIdentifier>{44ffb08f-d45a-43da-b952-308f2e746ca7}</UniqueIdentifier>
    </Filter>
    <Filter Include="ヘッダー ファイル\Array">
      <UniqueIdentifier>{f2f61019-da3c-459e-b4a7-44fc2fb78a87}</UniqueIdentifier>
    </Filter>
    <Filter Include="ヘッダー ファイル\Message">
      <UniqueIdentifier>{246979ea-f37b-47d1-92af-70d0143b1f41}</UniqueIdentifier>
    </Filter>
    <Filter Include="ヘッダー ファイル\Core_Control">
      <UniqueIdentifier>{cf2e13f7-f655-46f5-b911-3d913f39f68e}</UniqueIdentifier>
    </Filter>
    <Filter Include="ヘッダー ファイル\String">
      <UniqueIdentifier>{29933a39-dfbd-41b2-ac34-fcc5746085cc}</UniqueIdentifier>
    </Filter>
    <Filter Include="ヘッダー ファイル\Core_Control\Manager">
      <UniqueIdentifier>{271c0601-246f-4d03-bc3e-5521ef77b26a}</UniqueIdentifier>
    </Filter>
    <Filter Include="ヘッダー ファイル\Core_Control\Add">
      <UniqueIdentifier>{f94522a7-3fc1-4508-bf0c-d3c685fc31b4}</UniqueIdentifier>
    </Filter>
    <Filter Include="ヘッダー ファイル\Core_Control\Get">
      <UniqueIdentifier>{e6c87ec7-f9e7-4477-90e8-5e6b86a8d580}</UniqueIdentifier>
    </Filter>
    <Filter Include="ヘッダー ファイル\Time">
      <UniqueIdentifier>{1fc74d49-c527-4e45-8818-b0c90fd035fb}</UniqueIdentifier>
    </Filter>
    <Filter Include="ヘッダー ファイル\Function">
      <UniqueIdentifier>{d80d7c99-db8f-4eba-9366-bf0c706e949b}</UniqueIdentifier>
    </Filter>
    <Filter Include="ヘッダー ファイル\Tuple">
      <UniqueIdentifier>{9c7b0b27-3408-436a-b360-6cb5eece5889}</UniqueIdentifier>
    </Filter>
    <Filter Include="ヘッダー ファイル\Parameter">
      <UniqueIdentifier>{b9e8e00c-e0a7-40a6-abbe-cddb542c4ed1}</UniqueIdentifier>
    </Filter>
    <Filter Include="ヘッダー ファイル\N_Tuple">
      <UniqueIdentifier>{d1606bf9-2038-4b16-9846-1c3d4ad472c0}</UniqueIdentifier>
    </Filter>
    <Filter Include="ヘッダー ファイル\Tuple_New">
      <UniqueIdentifier>{12123ce8-54db-44f0-b786-ba5d3f28a5d6}</UniqueIdentifier>
    </Filter>
  </ItemGroup>
  <ItemGroup>
    <ClInclude Include="main.h">
      <Filter>ヘッダー ファイル</Filter>
    </ClInclude>
    <ClInclude Include="Concept.h">
      <Filter>ヘッダー ファイル</Filter>
    </ClInclude>
    <ClInclude Include="Object.h">
      <Filter>ヘッダー ファイル</Filter>
    </ClInclude>
    <ClInclude Include="Game_Object.h">
      <Filter>ヘッダー ファイル</Filter>
    </ClInclude>
    <ClInclude Include="Args_Type.h">
      <Filter>ヘッダー ファイル</Filter>
    </ClInclude>
    <ClInclude Include="Component.h">
      <Filter>ヘッダー ファイル</Filter>
    </ClInclude>
    <ClInclude Include="Game_Engine.h">
      <Filter>ヘッダー ファイル</Filter>
    </ClInclude>
    <ClInclude Include="Scene.h">
      <Filter>ヘッダー ファイル</Filter>
    </ClInclude>
    <ClInclude Include="Core.h">
      <Filter>ヘッダー ファイル\Core</Filter>
    </ClInclude>
    <ClInclude Include="Core_Name.h">
      <Filter>ヘッダー ファイル\Core</Filter>
    </ClInclude>
    <ClInclude Include="Constexpr_Array.h">
      <Filter>ヘッダー ファイル\Array</Filter>
    </ClInclude>
    <ClInclude Include="Array_Capacity.h">
      <Filter>ヘッダー ファイル\Array</Filter>
    </ClInclude>
    <ClInclude Include="Message.h">
      <Filter>ヘッダー ファイル\Message</Filter>
    </ClInclude>
    <ClInclude Include="Message_Router.h">
      <Filter>ヘッダー ファイル\Message</Filter>
    </ClInclude>
    <ClInclude Include="Type_Nameh.h">
      <Filter>ヘッダー ファイル</Filter>
    </ClInclude>
    <ClInclude Include="Using_Type.h">
      <Filter>ヘッダー ファイル</Filter>
    </ClInclude>
    <ClInclude Include="Core_Control_Tower.h">
      <Filter>ヘッダー ファイル\Core_Control</Filter>
    </ClInclude>
    <ClInclude Include="Core_Parentage.h">
      <Filter>ヘッダー ファイル\Core_Control</Filter>
    </ClInclude>
    <ClInclude Include="Core_Storge.h">
      <Filter>ヘッダー ファイル\Core_Control</Filter>
    </ClInclude>
    <ClInclude Include="Constexpr_String.h">
      <Filter>ヘッダー ファイル\String</Filter>
    </ClInclude>
    <ClInclude Include="Manager_Scene.h">
      <Filter>ヘッダー ファイル\Core_Control\Manager</Filter>
    </ClInclude>
    <ClInclude Include="Add_Scene.h">
      <Filter>ヘッダー ファイル\Core_Control\Add</Filter>
    </ClInclude>
    <ClInclude Include="Add_Object.h">
      <Filter>ヘッダー ファイル\Core_Control\Add</Filter>
    </ClInclude>
    <ClInclude Include="Add_Component.h">
      <Filter>ヘッダー ファイル\Core_Control\Add</Filter>
    </ClInclude>
    <ClInclude Include="Manager_Origin.h">
      <Filter>ヘッダー ファイル\Core_Control\Manager</Filter>
    </ClInclude>
    <ClInclude Include="Add_Origin.h">
      <Filter>ヘッダー ファイル\Core_Control\Add</Filter>
    </ClInclude>
    <ClInclude Include="Get_Origin.h">
      <Filter>ヘッダー ファイル\Core_Control\Get</Filter>
    </ClInclude>
    <ClInclude Include="Get_Scene.h">
      <Filter>ヘッダー ファイル\Core_Control\Get</Filter>
    </ClInclude>
    <ClInclude Include="Get_Object.h">
      <Filter>ヘッダー ファイル\Core_Control\Get</Filter>
    </ClInclude>
    <ClInclude Include="Get_Component.h">
      <Filter>ヘッダー ファイル\Core_Control\Get</Filter>
    </ClInclude>
    <ClInclude Include="Manager_Component.h">
      <Filter>ヘッダー ファイル\Core_Control\Manager</Filter>
    </ClInclude>
    <ClInclude Include="Manager_Object.h">
      <Filter>ヘッダー ファイル\Core_Control\Manager</Filter>
    </ClInclude>
    <ClInclude Include="Storge_Access.h">
      <Filter>ヘッダー ファイル\Core_Control</Filter>
    </ClInclude>
    <ClInclude Include="Core_Base.h">
      <Filter>ヘッダー ファイル\Core</Filter>
    </ClInclude>
    <ClInclude Include="Tag.h">
      <Filter>ヘッダー ファイル</Filter>
    </ClInclude>
    <ClInclude Include="Time.h">
      <Filter>ヘッダー ファイル\Time</Filter>
    </ClInclude>
    <ClInclude Include="TimeControl.h">
      <Filter>ヘッダー ファイル\Time</Filter>
    </ClInclude>
    <ClInclude Include="TimerManager.h">
      <Filter>ヘッダー ファイル\Time</Filter>
    </ClInclude>
    <ClInclude Include="Timer.h">
      <Filter>ヘッダー ファイル\Time</Filter>
    </ClInclude>
    <ClInclude Include="Link.h">
      <Filter>ヘッダー ファイル</Filter>
    </ClInclude>
    <ClInclude Include="Message_Receive.h">
      <Filter>ヘッダー ファイル</Filter>
    </ClInclude>
    <ClInclude Include="ClassFunction.h">
      <Filter>ヘッダー ファイル</Filter>
    </ClInclude>
    <ClInclude Include="Function_Single.h">
      <Filter>ヘッダー ファイル\Function</Filter>
    </ClInclude>
    <ClInclude Include="Function_Multiple_Helper.h">
      <Filter>ヘッダー ファイル\Function</Filter>
    </ClInclude>
    <ClInclude Include="Function_Multiple.h">
      <Filter>ヘッダー ファイル\Function</Filter>
    </ClInclude>
    <ClInclude Include="MethodData.h">
      <Filter>ヘッダー ファイル\Function</Filter>
    </ClInclude>
    <ClInclude Include="tuple_convertible_to.h">
      <Filter>ヘッダー ファイル\Tuple</Filter>
    </ClInclude>
    <ClInclude Include="tuple_Helper.h">
      <Filter>ヘッダー ファイル\Tuple</Filter>
    </ClInclude>
    <ClInclude Include="Tuple_Unzip.h">
      <Filter>ヘッダー ファイル\Tuple</Filter>
    </ClInclude>
    <ClInclude Include="SwapType.h">
      <Filter>ヘッダー ファイル</Filter>
    </ClInclude>
    <ClInclude Include="Function_Single_Operator.h">
      <Filter>ヘッダー ファイル\Function</Filter>
    </ClInclude>
    <ClInclude Include="Function_Multiple_Operator.h">
      <Filter>ヘッダー ファイル\Function</Filter>
    </ClInclude>
    <ClInclude Include="Function_Args.h">
      <Filter>ヘッダー ファイル</Filter>
    </ClInclude>
    <ClInclude Include="Function_Multiple_Static_Operator.h">
      <Filter>ヘッダー ファイル\Function</Filter>
    </ClInclude>
    <ClInclude Include="Function.h">
      <Filter>ヘッダー ファイル\Function</Filter>
    </ClInclude>
    <ClInclude Include="DBG_NEW.h">
      <Filter>ヘッダー ファイル</Filter>
    </ClInclude>
    <ClInclude Include="Function_Core.h">
      <Filter>ヘッダー ファイル\Function</Filter>
    </ClInclude>
    <ClInclude Include="Parameter.h">
      <Filter>ヘッダー ファイル\Parameter</Filter>
    </ClInclude>
    <ClInclude Include="Parameter_Element.h">
      <Filter>ヘッダー ファイル\Parameter</Filter>
    </ClInclude>
    <ClInclude Include="Parameter_Control.h">
      <Filter>ヘッダー ファイル\Parameter</Filter>
    </ClInclude>
    <ClInclude Include="Quick_Sort.h">
      <Filter>ヘッダー ファイル</Filter>
    </ClInclude>
    <ClInclude Include="Parameter_Value.h">
      <Filter>ヘッダー ファイル\Parameter</Filter>
    </ClInclude>
    <ClInclude Include="Parameter_Change.h">
      <Filter>ヘッダー ファイル\Parameter</Filter>
    </ClInclude>
    <ClInclude Include="Parameter_Insert.h">
      <Filter>ヘッダー ファイル\Parameter</Filter>
    </ClInclude>
    <ClInclude Include="Parameter_Value_Index_Sequence.h">
      <Filter>ヘッダー ファイル</Filter>
    </ClInclude>
    <ClInclude Include="Parameter_Get.h">
      <Filter>ヘッダー ファイル\Parameter</Filter>
    </ClInclude>
    <ClInclude Include="Function_Data.h">
      <Filter>ヘッダー ファイル\Function</Filter>
    </ClInclude>
    <ClInclude Include="Function_Data_Core.h">
      <Filter>ヘッダー ファイル</Filter>
    </ClInclude>
    <ClInclude Include="Parameter_Merge.h">
      <Filter>ヘッダー ファイル\Parameter</Filter>
    </ClInclude>
    <ClInclude Include="Parameter_convertible_to.h">
      <Filter>ヘッダー ファイル</Filter>
    </ClInclude>
    <ClInclude Include="Expand.h">
      <Filter>ヘッダー ファイル</Filter>
    </ClInclude>
    <ClInclude Include="Function_Single_Data.h">
      <Filter>ヘッダー ファイル\Function</Filter>
    </ClInclude>
    <ClInclude Include="Method_Core.h">
      <Filter>ヘッダー ファイル\Function</Filter>
    </ClInclude>
    <ClInclude Include="Function_Helper.h">
      <Filter>ヘッダー ファイル\Function</Filter>
    </ClInclude>
    <ClInclude Include="Parameter_Range.h">
      <Filter>ヘッダー ファイル</Filter>
    </ClInclude>
    <ClInclude Include="Function_Operator.h">
      <Filter>ヘッダー ファイル\Function</Filter>
    </ClInclude>
    <ClInclude Include="Tuple.h">
      <Filter>ヘッダー ファイル\N_Tuple</Filter>
    </ClInclude>
    <ClInclude Include="Tuple_Control.h">
      <Filter>ヘッダー ファイル\N_Tuple</Filter>
    </ClInclude>
    <ClInclude Include="Tuple_Type.h">
      <Filter>ヘッダー ファイル\N_Tuple</Filter>
    </ClInclude>
    <ClInclude Include="Size_T.h">
      <Filter>ヘッダー ファイル</Filter>
    </ClInclude>
    <ClInclude Include="Tuple_Remove.h">
      <Filter>ヘッダー ファイル\N_Tuple</Filter>
    </ClInclude>
    <ClInclude Include="Tuple_Next.h">
      <Filter>ヘッダー ファイル\N_Tuple</Filter>
    </ClInclude>
    <ClInclude Include="Tuple_Prev.h">
      <Filter>ヘッダー ファイル\N_Tuple</Filter>
    </ClInclude>
    <ClInclude Include="Tuple_Head.h">
      <Filter>ヘッダー ファイル\N_Tuple</Filter>
    </ClInclude>
    <ClInclude Include="Tuple_Tail.h">
      <Filter>ヘッダー ファイル\N_Tuple</Filter>
    </ClInclude>
    <ClInclude Include="Tuple_Using.h">
      <Filter>ヘッダー ファイル\N_Tuple</Filter>
    </ClInclude>
    <ClInclude Include="Tuple_Class_Declare.h">
      <Filter>ヘッダー ファイル\N_Tuple</Filter>
    </ClInclude>
    <ClInclude Include="Tuple_Parameter.h">
      <Filter>ヘッダー ファイル\N_Tuple</Filter>
    </ClInclude>
    <ClInclude Include="Tuple_Concept.h">
      <Filter>ヘッダー ファイル\N_Tuple</Filter>
    </ClInclude>
    <ClInclude Include="Tuple_t_To_v.h">
      <Filter>ヘッダー ファイル\N_Tuple</Filter>
    </ClInclude>
    <ClInclude Include="Tuple_New.h">
      <Filter>ヘッダー ファイル\Tuple_New</Filter>
    </ClInclude>
    <ClInclude Include="Outer_Change.h">
      <Filter>ヘッダー ファイル</Filter>
    </ClInclude>
    <ClInclude Include="Tuple_Element.h">
      <Filter>ヘッダー ファイル\N_Tuple</Filter>
    </ClInclude>
    <ClInclude Include="Tuple_Reverse.h">
      <Filter>ヘッダー ファイル\N_Tuple</Filter>
    </ClInclude>
    <ClInclude Include="Tuple_Insert.h">
      <Filter>ヘッダー ファイル\N_Tuple</Filter>
    </ClInclude>
    <ClInclude Include="Tuple_Remove_Pointer.h">
      <Filter>ヘッダー ファイル\N_Tuple</Filter>
    </ClInclude>
    <ClInclude Include="Tuple_Merge.h">
      <Filter>ヘッダー ファイル\N_Tuple</Filter>
    </ClInclude>
    <ClInclude Include="Tuple_Change.h">
      <Filter>ヘッダー ファイル\N_Tuple</Filter>
    </ClInclude>
    <ClInclude Include="Tuple_Swap.h">
      <Filter>ヘッダー ファイル\N_Tuple</Filter>
    </ClInclude>
    <ClInclude Include="Tuple_v_To_t.h">
      <Filter>ヘッダー ファイル\N_Tuple</Filter>
    </ClInclude>
    <ClInclude Include="Tuple_Create_Pointer.h">
      <Filter>ヘッダー ファイル\N_Tuple</Filter>
    </ClInclude>
    <ClInclude Include="Tuple_Range.h">
      <Filter>ヘッダー ファイル\N_Tuple</Filter>
    </ClInclude>
  </ItemGroup>
  <ItemGroup>
    <ClCompile Include="Core.cpp">
      <Filter>ソース ファイル</Filter>
    </ClCompile>
    <ClCompile Include="main.cpp">
      <Filter>ソース ファイル</Filter>
    </ClCompile>
    <ClCompile Include="Constexpr_Array.cpp">
      <Filter>ソース ファイル</Filter>
    </ClCompile>
    <ClCompile Include="Constexpr_String.cpp">
      <Filter>ソース ファイル</Filter>
    </ClCompile>
    <ClCompile Include="Object.cpp">
      <Filter>ソース ファイル</Filter>
    </ClCompile>
    <ClCompile Include="Game_Object.cpp">
      <Filter>ソース ファイル</Filter>
    </ClCompile>
    <ClCompile Include="Message.cpp">
      <Filter>ソース ファイル</Filter>
    </ClCompile>
    <ClCompile Include="Message_Router.cpp">
      <Filter>ソース ファイル</Filter>
    </ClCompile>
    <ClCompile Include="Core_Name.cpp">
      <Filter>ソース ファイル</Filter>
    </ClCompile>
    <ClCompile Include="Component.cpp">
      <Filter>ソース ファイル</Filter>
    </ClCompile>
    <ClCompile Include="Game_Engine.cpp">
      <Filter>ソース ファイル</Filter>
    </ClCompile>
    <ClCompile Include="Scene.cpp">
      <Filter>ソース ファイル</Filter>
    </ClCompile>
    <ClCompile Include="Core_Storge.cpp">
      <Filter>ソース ファイル</Filter>
    </ClCompile>
    <ClCompile Include="Manager_Origin.cpp">
      <Filter>ソース ファイル</Filter>
    </ClCompile>
    <ClCompile Include="Core_Parentage.cpp">
      <Filter>ソース ファイル</Filter>
    </ClCompile>
    <ClCompile Include="Add_Origin.cpp">
      <Filter>ソース ファイル</Filter>
    </ClCompile>
    <ClCompile Include="Core_Type.h">
      <Filter>ヘッダー ファイル\Core</Filter>
    </ClCompile>
    <ClCompile Include="Get_Origin.cpp">
      <Filter>ソース ファイル</Filter>
    </ClCompile>
    <ClCompile Include="Timer.cpp">
      <Filter>ソース ファイル</Filter>
    </ClCompile>
    <ClCompile Include="TimerManager.cpp">
      <Filter>ソース ファイル</Filter>
    </ClCompile>
    <ClCompile Include="Time.cpp">
      <Filter>ソース ファイル</Filter>
    </ClCompile>
    <ClCompile Include="TimeControl.cpp">
      <Filter>ソース ファイル</Filter>
    </ClCompile>
    <ClCompile Include="Link.cpp">
      <Filter>ソース ファイル</Filter>
    </ClCompile>
    <ClCompile Include="Tuple_Agrs.cpp">
      <Filter>ソース ファイル</Filter>
    </ClCompile>
    <ClCompile Include="Function_Single_Helper.h">
      <Filter>ヘッダー ファイル\Function</Filter>
    </ClCompile>
    <ClCompile Include="Function_Single_Static_Operator.h">
      <Filter>ヘッダー ファイル\Function</Filter>
    </ClCompile>
    <ClCompile Include="Function_Single_Static.h">
      <Filter>ヘッダー ファイル\Function</Filter>
    </ClCompile>
    <ClCompile Include="Function_Multiple_Static.h">
      <Filter>ヘッダー ファイル\Function</Filter>
    </ClCompile>
    <ClCompile Include="Parameter_Remove.h">
      <Filter>ヘッダー ファイル\Parameter</Filter>
    </ClCompile>
    <ClCompile Include="Function_Single_Data_Request_Args.h">
      <Filter>ヘッダー ファイル</Filter>
    </ClCompile>
    <ClCompile Include="Tuple_Value.h">
      <Filter>ヘッダー ファイル\N_Tuple</Filter>
    </ClCompile>
    <ClCompile Include="Tuple_Select.h">
      <Filter>ヘッダー ファイル\N_Tuple</Filter>
    </ClCompile>
    <ClCompile Include="Using_Type.cpp">
      <Filter>ソース ファイル</Filter>
    </ClCompile>
    <ClCompile Include="Tuple_Declare.h">
      <Filter>ヘッダー ファイル\N_Tuple</Filter>
    </ClCompile>
    <ClCompile Include="Tuple_Point.h">
      <Filter>ヘッダー ファイル\N_Tuple</Filter>
    </ClCompile>
    <ClCompile Include="Tuple_Action.h">
      <Filter>ヘッダー ファイル\N_Tuple</Filter>
    </ClCompile>
  </ItemGroup>
</Project>