<?xml version="1.0" encoding="utf-8"?>
<Project ToolsVersion="4.0" xmlns="http://schemas.microsoft.com/developer/msbuild/2003">
  <ItemGroup>
    <Filter Include="ソース ファイル">
      <UniqueIdentifier>{4FC737F1-C7A5-4376-A066-2A32D752A2FF}</UniqueIdentifier>
      <Extensions>cpp;c;cc;cxx;c++;cppm;ixx;def;odl;idl;hpj;bat;asm;asmx</Extensions>
    </Filter>
    <Filter Include="ヘッダー ファイル">
      <UniqueIdentifier>{93995380-89BD-4b04-88EB-625FBE52EBFB}</UniqueIdentifier>
      <Extensions>h;hh;hpp;hxx;h++;hm;inl;inc;ipp;xsd</Extensions>
    </Filter>
    <Filter Include="リソース ファイル">
      <UniqueIdentifier>{67DA6AB6-F800-4c08-8B7A-83BB121AAD01}</UniqueIdentifier>
      <Extensions>rc;ico;cur;bmp;dlg;rc2;rct;bin;rgs;gif;jpg;jpeg;jpe;resx;tiff;tif;png;wav;mfcribbon-ms</Extensions>
    </Filter>
    <Filter Include="ヘッダー ファイル\Core">
      <UniqueIdentifier>{44ffb08f-d45a-43da-b952-308f2e746ca7}</UniqueIdentifier>
    </Filter>
    <Filter Include="ヘッダー ファイル\Array">
      <UniqueIdentifier>{f2f61019-da3c-459e-b4a7-44fc2fb78a87}</UniqueIdentifier>
    </Filter>
    <Filter Include="ヘッダー ファイル\Message">
      <UniqueIdentifier>{246979ea-f37b-47d1-92af-70d0143b1f41}</UniqueIdentifier>
    </Filter>
    <Filter Include="ヘッダー ファイル\Core_Control">
      <UniqueIdentifier>{cf2e13f7-f655-46f5-b911-3d913f39f68e}</UniqueIdentifier>
    </Filter>
    <Filter Include="ヘッダー ファイル\String">
      <UniqueIdentifier>{29933a39-dfbd-41b2-ac34-fcc5746085cc}</UniqueIdentifier>
    </Filter>
    <Filter Include="ヘッダー ファイル\Core_Control\Manager">
      <UniqueIdentifier>{271c0601-246f-4d03-bc3e-5521ef77b26a}</UniqueIdentifier>
    </Filter>
    <Filter Include="ヘッダー ファイル\Core_Control\Add">
      <UniqueIdentifier>{f94522a7-3fc1-4508-bf0c-d3c685fc31b4}</UniqueIdentifier>
    </Filter>
    <Filter Include="ヘッダー ファイル\Core_Control\Get">
      <UniqueIdentifier>{e6c87ec7-f9e7-4477-90e8-5e6b86a8d580}</UniqueIdentifier>
    </Filter>
  </ItemGroup>
  <ItemGroup>
    <ClInclude Include="main.h">
      <Filter>ヘッダー ファイル</Filter>
    </ClInclude>
    <ClInclude Include="Concept.h">
      <Filter>ヘッダー ファイル</Filter>
    </ClInclude>
    <ClInclude Include="Object.h">
      <Filter>ヘッダー ファイル</Filter>
    </ClInclude>
    <ClInclude Include="Game_Object.h">
      <Filter>ヘッダー ファイル</Filter>
    </ClInclude>
    <ClInclude Include="Args_Type.h">
      <Filter>ヘッダー ファイル</Filter>
    </ClInclude>
    <ClInclude Include="Component.h">
      <Filter>ヘッダー ファイル</Filter>
    </ClInclude>
    <ClInclude Include="Game_Engine.h">
      <Filter>ヘッダー ファイル</Filter>
    </ClInclude>
    <ClInclude Include="Scene.h">
      <Filter>ヘッダー ファイル</Filter>
    </ClInclude>
    <ClInclude Include="Core.h">
      <Filter>ヘッダー ファイル\Core</Filter>
    </ClInclude>
    <ClInclude Include="Core_Name.h">
      <Filter>ヘッダー ファイル\Core</Filter>
    </ClInclude>
    <ClInclude Include="Constexpr_Array.h">
      <Filter>ヘッダー ファイル\Array</Filter>
    </ClInclude>
    <ClInclude Include="Array_Capacity.h">
      <Filter>ヘッダー ファイル\Array</Filter>
    </ClInclude>
    <ClInclude Include="Message.h">
      <Filter>ヘッダー ファイル\Message</Filter>
    </ClInclude>
    <ClInclude Include="Message_Router.h">
      <Filter>ヘッダー ファイル\Message</Filter>
    </ClInclude>
    <ClInclude Include="Type_Nameh.h">
      <Filter>ヘッダー ファイル</Filter>
    </ClInclude>
    <ClInclude Include="Using_Type.h">
      <Filter>ヘッダー ファイル</Filter>
    </ClInclude>
    <ClInclude Include="Core_Control_Tower.h">
      <Filter>ヘッダー ファイル\Core_Control</Filter>
    </ClInclude>
    <ClInclude Include="Core_Parentage.h">
      <Filter>ヘッダー ファイル\Core_Control</Filter>
    </ClInclude>
    <ClInclude Include="Core_Storge.h">
      <Filter>ヘッダー ファイル\Core_Control</Filter>
    </ClInclude>
    <ClInclude Include="Constexpr_String.h">
      <Filter>ヘッダー ファイル\String</Filter>
    </ClInclude>
    <ClInclude Include="Manager_Scene.h">
      <Filter>ヘッダー ファイル\Core_Control\Manager</Filter>
    </ClInclude>
    <ClInclude Include="Add_Scene.h">
      <Filter>ヘッダー ファイル\Core_Control\Add</Filter>
    </ClInclude>
    <ClInclude Include="Add_Object.h">
      <Filter>ヘッダー ファイル\Core_Control\Add</Filter>
    </ClInclude>
    <ClInclude Include="Add_Component.h">
      <Filter>ヘッダー ファイル\Core_Control\Add</Filter>
    </ClInclude>
    <ClInclude Include="Manager_Origin.h">
      <Filter>ヘッダー ファイル\Core_Control\Manager</Filter>
    </ClInclude>
    <ClInclude Include="Add_Origin.h">
      <Filter>ヘッダー ファイル\Core_Control\Add</Filter>
    </ClInclude>
    <ClInclude Include="Get_Origin.h">
      <Filter>ヘッダー ファイル\Core_Control\Get</Filter>
    </ClInclude>
    <ClInclude Include="Get_Scene.h">
      <Filter>ヘッダー ファイル\Core_Control\Get</Filter>
    </ClInclude>
    <ClInclude Include="Get_Object.h">
      <Filter>ヘッダー ファイル\Core_Control\Get</Filter>
    </ClInclude>
    <ClInclude Include="Get_Component.h">
      <Filter>ヘッダー ファイル\Core_Control\Get</Filter>
    </ClInclude>
    <ClInclude Include="Manager_Component.h">
      <Filter>ヘッダー ファイル\Core_Control\Manager</Filter>
    </ClInclude>
    <ClInclude Include="Manager_Object.h">
      <Filter>ヘッダー ファイル\Core_Control\Manager</Filter>
    </ClInclude>
    <ClInclude Include="Storge_Access.h">
      <Filter>ヘッダー ファイル\Core_Control</Filter>
    </ClInclude>
    <ClInclude Include="Core_Base.h">
      <Filter>ヘッダー ファイル\Core</Filter>
    </ClInclude>
  </ItemGroup>
  <ItemGroup>
    <ClCompile Include="Core.cpp">
      <Filter>ソース ファイル</Filter>
    </ClCompile>
    <ClCompile Include="main.cpp">
      <Filter>ソース ファイル</Filter>
    </ClCompile>
    <ClCompile Include="Constexpr_Array.cpp">
      <Filter>ソース ファイル</Filter>
    </ClCompile>
    <ClCompile Include="Constexpr_String.cpp">
      <Filter>ソース ファイル</Filter>
    </ClCompile>
    <ClCompile Include="Object.cpp">
      <Filter>ソース ファイル</Filter>
    </ClCompile>
    <ClCompile Include="Game_Object.cpp">
      <Filter>ソース ファイル</Filter>
    </ClCompile>
    <ClCompile Include="Message.cpp">
      <Filter>ソース ファイル</Filter>
    </ClCompile>
    <ClCompile Include="Message_Router.cpp">
      <Filter>ソース ファイル</Filter>
    </ClCompile>
    <ClCompile Include="Core_Name.cpp">
      <Filter>ソース ファイル</Filter>
    </ClCompile>
    <ClCompile Include="Component.cpp">
      <Filter>ソース ファイル</Filter>
    </ClCompile>
    <ClCompile Include="Game_Engine.cpp">
      <Filter>ソース ファイル</Filter>
    </ClCompile>
    <ClCompile Include="Scene.cpp">
      <Filter>ソース ファイル</Filter>
    </ClCompile>
    <ClCompile Include="Core_Storge.cpp">
      <Filter>ソース ファイル</Filter>
    </ClCompile>
    <ClCompile Include="Manager_Origin.cpp">
      <Filter>ソース ファイル</Filter>
    </ClCompile>
    <ClCompile Include="Core_Parentage.cpp">
      <Filter>ソース ファイル</Filter>
    </ClCompile>
    <ClCompile Include="Add_Origin.cpp">
      <Filter>ソース ファイル</Filter>
    </ClCompile>
    <ClCompile Include="Core_Type.h">
      <Filter>ヘッダー ファイル\Core</Filter>
    </ClCompile>
    <ClCompile Include="Get_Origin.cpp">
      <Filter>ソース ファイル</Filter>
    </ClCompile>
  </ItemGroup>
</Project>